
Microsoft Visual Studio Solution File, Format Version 12.00
# Visual Studio Version 17
VisualStudioVersion = 17.3.32929.385
MinimumVisualStudioVersion = 10.0.40219.1
Project("{FAE04EC0-301F-11D3-BF4B-00C04F79EFBC}") = "FirstUmbracoProject", "FirstUmbracoProject\FirstUmbracoProject.csproj", "{1A31DC0B-8046-4624-A7A0-17D387ED1824}"
EndProject
Global
	GlobalSection(SolutionConfigurationPlatforms) = preSolution
		Debug|Any CPU = Debug|Any CPU
		Release|Any CPU = Release|Any CPU
	EndGlobalSection
	GlobalSection(ProjectConfigurationPlatforms) = postSolution
		{1A31DC0B-8046-4624-A7A0-17D387ED1824}.Debug|Any CPU.ActiveCfg = Debug|Any CPU
		{1A31DC0B-8046-4624-A7A0-17D387ED1824}.Debug|Any CPU.Build.0 = Debug|Any CPU
		{1A31DC0B-8046-4624-A7A0-17D387ED1824}.Release|Any CPU.ActiveCfg = Release|Any CPU
		{1A31DC0B-8046-4624-A7A0-17D387ED1824}.Release|Any CPU.Build.0 = Release|Any CPU
	EndGlobalSection
	GlobalSection(SolutionProperties) = preSolution
		HideSolutionNode = FALSE
	EndGlobalSection
	GlobalSection(ExtensibilityGlobals) = postSolution
		SolutionGuid = {96194DFF-F8CC-4F1F-9715-F88D8A605628}
	EndGlobalSection
EndGlobal
